
Microsoft Visual Studio Solution File, Format Version 12.00
# Visual Studio Version 17
VisualStudioVersion = 17.0.31903.59
MinimumVisualStudioVersion = 10.0.40219.1
Project("{9A19103F-16F7-4668-BE54-9A1E7A4F7556}") = "BookManager.API.Default", "BookManager.API.Default.csproj", "{45BBA01B-5039-44E4-952B-250E566DFDF2}"
EndProject
Project("{9A19103F-16F7-4668-BE54-9A1E7A4F7556}") = "BookManager.Application", "..\BookManager.Application\BookManager.Application.csproj", "{AD93EC4E-40CE-4E38-A4C9-850CED1EF16F}"
EndProject
Project("{FAE04EC0-301F-11D3-BF4B-00C04F79EFBC}") = "BookManager.Tests", "..\BookManager.Tests\BookManager.Tests.csproj", "{6267FE42-C1A0-468B-A9D3-A30C0A74B8AF}"
EndProject
Global
	GlobalSection(SolutionConfigurationPlatforms) = preSolution
		Debug|Any CPU = Debug|Any CPU
		Release|Any CPU = Release|Any CPU
	EndGlobalSection
	GlobalSection(ProjectConfigurationPlatforms) = postSolution
		{45BBA01B-5039-44E4-952B-250E566DFDF2}.Debug|Any CPU.ActiveCfg = Debug|Any CPU
		{45BBA01B-5039-44E4-952B-250E566DFDF2}.Debug|Any CPU.Build.0 = Debug|Any CPU
		{45BBA01B-5039-44E4-952B-250E566DFDF2}.Release|Any CPU.ActiveCfg = Release|Any CPU
		{45BBA01B-5039-44E4-952B-250E566DFDF2}.Release|Any CPU.Build.0 = Release|Any CPU
		{AD93EC4E-40CE-4E38-A4C9-850CED1EF16F}.Debug|Any CPU.ActiveCfg = Debug|Any CPU
		{AD93EC4E-40CE-4E38-A4C9-850CED1EF16F}.Debug|Any CPU.Build.0 = Debug|Any CPU
		{AD93EC4E-40CE-4E38-A4C9-850CED1EF16F}.Release|Any CPU.ActiveCfg = Release|Any CPU
		{AD93EC4E-40CE-4E38-A4C9-850CED1EF16F}.Release|Any CPU.Build.0 = Release|Any CPU
		{6267FE42-C1A0-468B-A9D3-A30C0A74B8AF}.Debug|Any CPU.ActiveCfg = Debug|Any CPU
		{6267FE42-C1A0-468B-A9D3-A30C0A74B8AF}.Debug|Any CPU.Build.0 = Debug|Any CPU
		{6267FE42-C1A0-468B-A9D3-A30C0A74B8AF}.Release|Any CPU.ActiveCfg = Release|Any CPU
		{6267FE42-C1A0-468B-A9D3-A30C0A74B8AF}.Release|Any CPU.Build.0 = Release|Any CPU
	EndGlobalSection
	GlobalSection(SolutionProperties) = preSolution
		HideSolutionNode = FALSE
	EndGlobalSection
	GlobalSection(ExtensibilityGlobals) = postSolution
		SolutionGuid = {C02AF1C4-B6C5-41B6-AC79-4FF1A21D9616}
	EndGlobalSection
EndGlobal
